
Microsoft Visual Studio Solution File, Format Version 12.00
# Visual Studio 15
VisualStudioVersion = 15.0.28307.1169
MinimumVisualStudioVersion = 10.0.40219.1
Project("{FAE04EC0-301F-11D3-BF4B-00C04F79EFBC}") = "InMemoryQueue", "InMemoryQueue\InMemoryQueue.csproj", "{0D53ABEB-A375-4D6E-9A59-F9D7E0A94EFF}"
EndProject
Project("{FAE04EC0-301F-11D3-BF4B-00C04F79EFBC}") = "InMemoryQueueSample", "InMemoryQueueSample\InMemoryQueueSample.csproj", "{773170C4-0F06-44FA-852A-9510C4D57A6F}"
EndProject
Project("{FAE04EC0-301F-11D3-BF4B-00C04F79EFBC}") = "InMemoryQueue.Test", "InMemoryQueue.Test\InMemoryQueue.Test.csproj", "{31A278D8-11F0-450A-97BD-EFA179540F0F}"
EndProject
Global
	GlobalSection(SolutionConfigurationPlatforms) = preSolution
		Debug|Any CPU = Debug|Any CPU
		Release|Any CPU = Release|Any CPU
	EndGlobalSection
	GlobalSection(ProjectConfigurationPlatforms) = postSolution
		{0D53ABEB-A375-4D6E-9A59-F9D7E0A94EFF}.Debug|Any CPU.ActiveCfg = Debug|Any CPU
		{0D53ABEB-A375-4D6E-9A59-F9D7E0A94EFF}.Debug|Any CPU.Build.0 = Debug|Any CPU
		{0D53ABEB-A375-4D6E-9A59-F9D7E0A94EFF}.Release|Any CPU.ActiveCfg = Release|Any CPU
		{0D53ABEB-A375-4D6E-9A59-F9D7E0A94EFF}.Release|Any CPU.Build.0 = Release|Any CPU
		{773170C4-0F06-44FA-852A-9510C4D57A6F}.Debug|Any CPU.ActiveCfg = Debug|Any CPU
		{773170C4-0F06-44FA-852A-9510C4D57A6F}.Debug|Any CPU.Build.0 = Debug|Any CPU
		{773170C4-0F06-44FA-852A-9510C4D57A6F}.Release|Any CPU.ActiveCfg = Release|Any CPU
		{773170C4-0F06-44FA-852A-9510C4D57A6F}.Release|Any CPU.Build.0 = Release|Any CPU
		{31A278D8-11F0-450A-97BD-EFA179540F0F}.Debug|Any CPU.ActiveCfg = Debug|Any CPU
		{31A278D8-11F0-450A-97BD-EFA179540F0F}.Debug|Any CPU.Build.0 = Debug|Any CPU
		{31A278D8-11F0-450A-97BD-EFA179540F0F}.Release|Any CPU.ActiveCfg = Release|Any CPU
		{31A278D8-11F0-450A-97BD-EFA179540F0F}.Release|Any CPU.Build.0 = Release|Any CPU
	EndGlobalSection
	GlobalSection(SolutionProperties) = preSolution
		HideSolutionNode = FALSE
	EndGlobalSection
	GlobalSection(ExtensibilityGlobals) = postSolution
		SolutionGuid = {CAB15B30-9C7C-40C1-8FCF-E0CC447E7970}
	EndGlobalSection
EndGlobal
